
Microsoft Visual Studio Solution File, Format Version 12.00
# Visual Studio Version 17
VisualStudioVersion = 17.8.34525.116
MinimumVisualStudioVersion = 10.0.40219.1
Project("{9A19103F-16F7-4668-BE54-9A1E7A4F7556}") = "HuntingTheManticore", "HuntingTheManticore\HuntingTheManticore.csproj", "{F77CCDB1-1A89-4E32-AE3A-B804296E5A3D}"
EndProject
Project("{9A19103F-16F7-4668-BE54-9A1E7A4F7556}") = "16 - Enumerations", "16 - Enumerations\16 - Enumerations.csproj", "{061ECC70-1142-43EA-9750-B42A0BD2F090}"
EndProject
Project("{9A19103F-16F7-4668-BE54-9A1E7A4F7556}") = "17- Tuples", "17- Tuples\17- Tuples.csproj", "{6B90D611-FBD1-433C-A3AD-77426F5A7A51}"
EndProject
Project("{9A19103F-16F7-4668-BE54-9A1E7A4F7556}") = "16 - Enumerations Wiederholung", "16 - Enumerations Wiederholung\16 - Enumerations Wiederholung.csproj", "{781525E1-8F82-4C56-B3CA-912988CA3A8D}"
EndProject
Project("{9A19103F-16F7-4668-BE54-9A1E7A4F7556}") = "18 - Classes", "18 - Classes\18 - Classes.csproj", "{ABBC8520-2ED5-44E4-9140-1C4B8DE4342F}"
EndProject
Project("{FAE04EC0-301F-11D3-BF4B-00C04F79EFBC}") = "Vin Fletcher’s Arrows", "Vin Fletcher’s Arrows\Vin Fletcher’s Arrows.csproj", "{56E42958-2432-4506-97D6-8900605FF0E5}"
EndProject
Global
	GlobalSection(SolutionConfigurationPlatforms) = preSolution
		Debug|Any CPU = Debug|Any CPU
		Release|Any CPU = Release|Any CPU
	EndGlobalSection
	GlobalSection(ProjectConfigurationPlatforms) = postSolution
		{F77CCDB1-1A89-4E32-AE3A-B804296E5A3D}.Debug|Any CPU.ActiveCfg = Debug|Any CPU
		{F77CCDB1-1A89-4E32-AE3A-B804296E5A3D}.Debug|Any CPU.Build.0 = Debug|Any CPU
		{F77CCDB1-1A89-4E32-AE3A-B804296E5A3D}.Release|Any CPU.ActiveCfg = Release|Any CPU
		{F77CCDB1-1A89-4E32-AE3A-B804296E5A3D}.Release|Any CPU.Build.0 = Release|Any CPU
		{061ECC70-1142-43EA-9750-B42A0BD2F090}.Debug|Any CPU.ActiveCfg = Debug|Any CPU
		{061ECC70-1142-43EA-9750-B42A0BD2F090}.Debug|Any CPU.Build.0 = Debug|Any CPU
		{061ECC70-1142-43EA-9750-B42A0BD2F090}.Release|Any CPU.ActiveCfg = Release|Any CPU
		{061ECC70-1142-43EA-9750-B42A0BD2F090}.Release|Any CPU.Build.0 = Release|Any CPU
		{6B90D611-FBD1-433C-A3AD-77426F5A7A51}.Debug|Any CPU.ActiveCfg = Debug|Any CPU
		{6B90D611-FBD1-433C-A3AD-77426F5A7A51}.Debug|Any CPU.Build.0 = Debug|Any CPU
		{6B90D611-FBD1-433C-A3AD-77426F5A7A51}.Release|Any CPU.ActiveCfg = Release|Any CPU
		{6B90D611-FBD1-433C-A3AD-77426F5A7A51}.Release|Any CPU.Build.0 = Release|Any CPU
		{781525E1-8F82-4C56-B3CA-912988CA3A8D}.Debug|Any CPU.ActiveCfg = Debug|Any CPU
		{781525E1-8F82-4C56-B3CA-912988CA3A8D}.Debug|Any CPU.Build.0 = Debug|Any CPU
		{781525E1-8F82-4C56-B3CA-912988CA3A8D}.Release|Any CPU.ActiveCfg = Release|Any CPU
		{781525E1-8F82-4C56-B3CA-912988CA3A8D}.Release|Any CPU.Build.0 = Release|Any CPU
		{ABBC8520-2ED5-44E4-9140-1C4B8DE4342F}.Debug|Any CPU.ActiveCfg = Debug|Any CPU
		{ABBC8520-2ED5-44E4-9140-1C4B8DE4342F}.Debug|Any CPU.Build.0 = Debug|Any CPU
		{ABBC8520-2ED5-44E4-9140-1C4B8DE4342F}.Release|Any CPU.ActiveCfg = Release|Any CPU
		{ABBC8520-2ED5-44E4-9140-1C4B8DE4342F}.Release|Any CPU.Build.0 = Release|Any CPU
		{56E42958-2432-4506-97D6-8900605FF0E5}.Debug|Any CPU.ActiveCfg = Debug|Any CPU
		{56E42958-2432-4506-97D6-8900605FF0E5}.Debug|Any CPU.Build.0 = Debug|Any CPU
		{56E42958-2432-4506-97D6-8900605FF0E5}.Release|Any CPU.ActiveCfg = Release|Any CPU
		{56E42958-2432-4506-97D6-8900605FF0E5}.Release|Any CPU.Build.0 = Release|Any CPU
	EndGlobalSection
	GlobalSection(SolutionProperties) = preSolution
		HideSolutionNode = FALSE
	EndGlobalSection
	GlobalSection(ExtensibilityGlobals) = postSolution
		SolutionGuid = {75034A07-39CB-403F-BD4B-2D992EECD585}
	EndGlobalSection
EndGlobal
